
Microsoft Visual Studio Solution File, Format Version 12.00
# Visual Studio Version 16
VisualStudioVersion = 16.0.30804.86
MinimumVisualStudioVersion = 10.0.40219.1
Project("{FAE04EC0-301F-11D3-BF4B-00C04F79EFBC}") = "ClassMetotDemo", "ClassMetotDemo\ClassMetotDemo.csproj", "{5106CD27-940C-4751-9AC3-6597C553F8D2}"
EndProject
Global
	GlobalSection(SolutionConfigurationPlatforms) = preSolution
		Debug|Any CPU = Debug|Any CPU
		Release|Any CPU = Release|Any CPU
	EndGlobalSection
	GlobalSection(ProjectConfigurationPlatforms) = postSolution
		{5106CD27-940C-4751-9AC3-6597C553F8D2}.Debug|Any CPU.ActiveCfg = Debug|Any CPU
		{5106CD27-940C-4751-9AC3-6597C553F8D2}.Debug|Any CPU.Build.0 = Debug|Any CPU
		{5106CD27-940C-4751-9AC3-6597C553F8D2}.Release|Any CPU.ActiveCfg = Release|Any CPU
		{5106CD27-940C-4751-9AC3-6597C553F8D2}.Release|Any CPU.Build.0 = Release|Any CPU
	EndGlobalSection
	GlobalSection(SolutionProperties) = preSolution
		HideSolutionNode = FALSE
	EndGlobalSection
	GlobalSection(ExtensibilityGlobals) = postSolution
		SolutionGuid = {AC8443A3-DFCD-48DC-BD6F-0A6819AFF31A}
	EndGlobalSection
EndGlobal
